
Microsoft Visual Studio Solution File, Format Version 12.00
# Visual Studio 2012
Project("{2150E333-8FDC-42A3-9474-1A3956D46DE8}") = "Clients", "Clients", "{2ED64445-EE46-4C99-83FB-018E2AD1FB17}"
EndProject
Project("{2150E333-8FDC-42A3-9474-1A3956D46DE8}") = "Services", "Services", "{9B6D4D4B-A768-4E66-8719-DAA9E2A9223B}"
EndProject
Project("{2150E333-8FDC-42A3-9474-1A3956D46DE8}") = "Utils", "Utils", "{859EA628-CA8D-46A0-B221-7702994C45EA}"
EndProject
Project("{2150E333-8FDC-42A3-9474-1A3956D46DE8}") = "XafWinClient", "XafWinClient", "{5330FADD-D0BF-4817-AEB4-7511E54FFD5B}"
EndProject
Project("{FAE04EC0-301F-11D3-BF4B-00C04F79EFBC}") = "BusinessObjectsLibrary", "Clients\XafWinClient\BusinessObjectsLibrary\BusinessObjectsLibrary.csproj", "{8AC0D02C-34D4-40B4-BEC1-9E8AD12A8C23}"
EndProject
Project("{FAE04EC0-301F-11D3-BF4B-00C04F79EFBC}") = "XafWinClient.Module", "Clients\XafWinClient\XafWinClient.Module\XafWinClient.Module.csproj", "{D07C9FB1-D2EC-4ECE-AB64-60B87DB9A825}"
EndProject
Project("{FAE04EC0-301F-11D3-BF4B-00C04F79EFBC}") = "XafWinClient.Module.Win", "Clients\XafWinClient\XafWinClient.Module.Win\XafWinClient.Module.Win.csproj", "{072362F2-3199-46B2-AAC9-1BA30F125BE6}"
EndProject
Project("{FAE04EC0-301F-11D3-BF4B-00C04F79EFBC}") = "XafWinClient.Win", "Clients\XafWinClient\XafWinClient.Win\XafWinClient.Win.csproj", "{5CFACD07-A09F-4179-9D38-F2BC4A22D1B7}"
EndProject
Project("{FAE04EC0-301F-11D3-BF4B-00C04F79EFBC}") = "CustomAuthenticationService", "Services\CustomAuthenticationService\CustomAuthenticationService.csproj", "{344BE512-C331-459E-8357-48D417AC5E96}"
EndProject
Project("{FAE04EC0-301F-11D3-BF4B-00C04F79EFBC}") = "DBCreator", "Utils\DBCreator\DBCreator.csproj", "{4F16647F-76AD-46B3-90ED-F04AAA70A271}"
EndProject
Project("{FAE04EC0-301F-11D3-BF4B-00C04F79EFBC}") = "ClientServer_Wcf_CustomAuth.Service", "Services\ClientServer_Wcf_CustomAuth.Service\ClientServer_Wcf_CustomAuth.Service.csproj", "{B063F2E7-CFFC-4C99-A179-381B37489DE0}"
EndProject
Project("{CC5FD16D-436D-48AD-A40C-5A424C6E3E79}") = "ClientServer_Wcf_CustomAuth.Service.Azure", "ClientServer_Wcf_CustomAuth.Service.Azure\ClientServer_Wcf_CustomAuth.Service.Azure.ccproj", "{6E4427BB-F1B8-4CAA-BECB-11AF3DEBFFAC}"
EndProject
Project("{CC5FD16D-436D-48AD-A40C-5A424C6E3E79}") = "CustomAuthenticationService.Azure", "CustomAuthenticationService.Azure\CustomAuthenticationService.Azure.ccproj", "{6CC92467-EB64-45E4-B3BF-8D3C4576713F}"
EndProject
Project("{2150E333-8FDC-42A3-9474-1A3956D46DE8}") = "DXTremeClient", "DXTremeClient", "{9B2A966F-D55F-450D-8C6E-40A030634046}"
EndProject
Project("{1B19158F-E398-40A6-8E3B-350508E125F1}") = "DXTremeClient.Mobile", "Clients\DXTremeClient\DXTremeClient.Mobile\DXTremeClient.Mobile.dxjsproj", "{C8C7E3F8-44E2-491C-A245-813A1CB1B281}"
EndProject
Project("{1B19158F-E398-40A6-8E3B-350508E125F1}") = "DXTremeClient.Shared", "Clients\DXTremeClient\DXTremeClient.Shared\DXTremeClient.Shared.dxjsproj", "{FAFC9CAB-5321-44CE-878D-76D62AEDDF01}"
EndProject
Global
	GlobalSection(SolutionConfigurationPlatforms) = preSolution
		Debug|Any CPU = Debug|Any CPU
		Debug|x86 = Debug|x86
		Release|Any CPU = Release|Any CPU
		Release|x86 = Release|x86
	EndGlobalSection
	GlobalSection(ProjectConfigurationPlatforms) = postSolution
		{8AC0D02C-34D4-40B4-BEC1-9E8AD12A8C23}.Debug|Any CPU.ActiveCfg = Debug|Any CPU
		{8AC0D02C-34D4-40B4-BEC1-9E8AD12A8C23}.Debug|Any CPU.Build.0 = Debug|Any CPU
		{8AC0D02C-34D4-40B4-BEC1-9E8AD12A8C23}.Debug|x86.ActiveCfg = Debug|Any CPU
		{8AC0D02C-34D4-40B4-BEC1-9E8AD12A8C23}.Release|Any CPU.ActiveCfg = Release|Any CPU
		{8AC0D02C-34D4-40B4-BEC1-9E8AD12A8C23}.Release|Any CPU.Build.0 = Release|Any CPU
		{8AC0D02C-34D4-40B4-BEC1-9E8AD12A8C23}.Release|x86.ActiveCfg = Release|Any CPU
		{D07C9FB1-D2EC-4ECE-AB64-60B87DB9A825}.Debug|Any CPU.ActiveCfg = Debug|Any CPU
		{D07C9FB1-D2EC-4ECE-AB64-60B87DB9A825}.Debug|Any CPU.Build.0 = Debug|Any CPU
		{D07C9FB1-D2EC-4ECE-AB64-60B87DB9A825}.Debug|x86.ActiveCfg = Debug|Any CPU
		{D07C9FB1-D2EC-4ECE-AB64-60B87DB9A825}.Release|Any CPU.ActiveCfg = Release|Any CPU
		{D07C9FB1-D2EC-4ECE-AB64-60B87DB9A825}.Release|Any CPU.Build.0 = Release|Any CPU
		{D07C9FB1-D2EC-4ECE-AB64-60B87DB9A825}.Release|x86.ActiveCfg = Release|Any CPU
		{072362F2-3199-46B2-AAC9-1BA30F125BE6}.Debug|Any CPU.ActiveCfg = Debug|Any CPU
		{072362F2-3199-46B2-AAC9-1BA30F125BE6}.Debug|Any CPU.Build.0 = Debug|Any CPU
		{072362F2-3199-46B2-AAC9-1BA30F125BE6}.Debug|x86.ActiveCfg = Debug|Any CPU
		{072362F2-3199-46B2-AAC9-1BA30F125BE6}.Release|Any CPU.ActiveCfg = Release|Any CPU
		{072362F2-3199-46B2-AAC9-1BA30F125BE6}.Release|Any CPU.Build.0 = Release|Any CPU
		{072362F2-3199-46B2-AAC9-1BA30F125BE6}.Release|x86.ActiveCfg = Release|Any CPU
		{5CFACD07-A09F-4179-9D38-F2BC4A22D1B7}.Debug|Any CPU.ActiveCfg = Debug|Any CPU
		{5CFACD07-A09F-4179-9D38-F2BC4A22D1B7}.Debug|Any CPU.Build.0 = Debug|Any CPU
		{5CFACD07-A09F-4179-9D38-F2BC4A22D1B7}.Debug|x86.ActiveCfg = Debug|Any CPU
		{5CFACD07-A09F-4179-9D38-F2BC4A22D1B7}.Release|Any CPU.ActiveCfg = Release|Any CPU
		{5CFACD07-A09F-4179-9D38-F2BC4A22D1B7}.Release|Any CPU.Build.0 = Release|Any CPU
		{5CFACD07-A09F-4179-9D38-F2BC4A22D1B7}.Release|x86.ActiveCfg = Release|Any CPU
		{344BE512-C331-459E-8357-48D417AC5E96}.Debug|Any CPU.ActiveCfg = Debug|Any CPU
		{344BE512-C331-459E-8357-48D417AC5E96}.Debug|Any CPU.Build.0 = Debug|Any CPU
		{344BE512-C331-459E-8357-48D417AC5E96}.Debug|x86.ActiveCfg = Debug|Any CPU
		{344BE512-C331-459E-8357-48D417AC5E96}.Release|Any CPU.ActiveCfg = Release|Any CPU
		{344BE512-C331-459E-8357-48D417AC5E96}.Release|Any CPU.Build.0 = Release|Any CPU
		{344BE512-C331-459E-8357-48D417AC5E96}.Release|x86.ActiveCfg = Release|Any CPU
		{4F16647F-76AD-46B3-90ED-F04AAA70A271}.Debug|Any CPU.ActiveCfg = Debug|Any CPU
		{4F16647F-76AD-46B3-90ED-F04AAA70A271}.Debug|Any CPU.Build.0 = Debug|Any CPU
		{4F16647F-76AD-46B3-90ED-F04AAA70A271}.Debug|x86.ActiveCfg = Debug|Any CPU
		{4F16647F-76AD-46B3-90ED-F04AAA70A271}.Release|Any CPU.ActiveCfg = Release|Any CPU
		{4F16647F-76AD-46B3-90ED-F04AAA70A271}.Release|Any CPU.Build.0 = Release|Any CPU
		{4F16647F-76AD-46B3-90ED-F04AAA70A271}.Release|x86.ActiveCfg = Release|Any CPU
		{B063F2E7-CFFC-4C99-A179-381B37489DE0}.Debug|Any CPU.ActiveCfg = Debug|Any CPU
		{B063F2E7-CFFC-4C99-A179-381B37489DE0}.Debug|Any CPU.Build.0 = Debug|Any CPU
		{B063F2E7-CFFC-4C99-A179-381B37489DE0}.Debug|x86.ActiveCfg = Debug|Any CPU
		{B063F2E7-CFFC-4C99-A179-381B37489DE0}.Release|Any CPU.ActiveCfg = Release|Any CPU
		{B063F2E7-CFFC-4C99-A179-381B37489DE0}.Release|Any CPU.Build.0 = Release|Any CPU
		{B063F2E7-CFFC-4C99-A179-381B37489DE0}.Release|x86.ActiveCfg = Release|Any CPU
		{6E4427BB-F1B8-4CAA-BECB-11AF3DEBFFAC}.Debug|Any CPU.ActiveCfg = Debug|Any CPU
		{6E4427BB-F1B8-4CAA-BECB-11AF3DEBFFAC}.Debug|Any CPU.Build.0 = Debug|Any CPU
		{6E4427BB-F1B8-4CAA-BECB-11AF3DEBFFAC}.Debug|x86.ActiveCfg = Debug|Any CPU
		{6E4427BB-F1B8-4CAA-BECB-11AF3DEBFFAC}.Release|Any CPU.ActiveCfg = Release|Any CPU
		{6E4427BB-F1B8-4CAA-BECB-11AF3DEBFFAC}.Release|Any CPU.Build.0 = Release|Any CPU
		{6E4427BB-F1B8-4CAA-BECB-11AF3DEBFFAC}.Release|x86.ActiveCfg = Release|Any CPU
		{6CC92467-EB64-45E4-B3BF-8D3C4576713F}.Debug|Any CPU.ActiveCfg = Debug|Any CPU
		{6CC92467-EB64-45E4-B3BF-8D3C4576713F}.Debug|Any CPU.Build.0 = Debug|Any CPU
		{6CC92467-EB64-45E4-B3BF-8D3C4576713F}.Debug|x86.ActiveCfg = Debug|Any CPU
		{6CC92467-EB64-45E4-B3BF-8D3C4576713F}.Release|Any CPU.ActiveCfg = Release|Any CPU
		{6CC92467-EB64-45E4-B3BF-8D3C4576713F}.Release|Any CPU.Build.0 = Release|Any CPU
		{6CC92467-EB64-45E4-B3BF-8D3C4576713F}.Release|x86.ActiveCfg = Release|Any CPU
		{C8C7E3F8-44E2-491C-A245-813A1CB1B281}.Debug|Any CPU.ActiveCfg = Debug|x86
		{C8C7E3F8-44E2-491C-A245-813A1CB1B281}.Debug|x86.ActiveCfg = Debug|x86
		{C8C7E3F8-44E2-491C-A245-813A1CB1B281}.Debug|x86.Build.0 = Debug|x86
		{C8C7E3F8-44E2-491C-A245-813A1CB1B281}.Release|Any CPU.ActiveCfg = Release|x86
		{C8C7E3F8-44E2-491C-A245-813A1CB1B281}.Release|x86.ActiveCfg = Release|x86
		{C8C7E3F8-44E2-491C-A245-813A1CB1B281}.Release|x86.Build.0 = Release|x86
		{FAFC9CAB-5321-44CE-878D-76D62AEDDF01}.Debug|Any CPU.ActiveCfg = Debug|x86
		{FAFC9CAB-5321-44CE-878D-76D62AEDDF01}.Debug|x86.ActiveCfg = Debug|x86
		{FAFC9CAB-5321-44CE-878D-76D62AEDDF01}.Debug|x86.Build.0 = Debug|x86
		{FAFC9CAB-5321-44CE-878D-76D62AEDDF01}.Release|Any CPU.ActiveCfg = Release|x86
		{FAFC9CAB-5321-44CE-878D-76D62AEDDF01}.Release|x86.ActiveCfg = Release|x86
		{FAFC9CAB-5321-44CE-878D-76D62AEDDF01}.Release|x86.Build.0 = Release|x86
	EndGlobalSection
	GlobalSection(SolutionProperties) = preSolution
		HideSolutionNode = FALSE
	EndGlobalSection
	GlobalSection(NestedProjects) = preSolution
		{5330FADD-D0BF-4817-AEB4-7511E54FFD5B} = {2ED64445-EE46-4C99-83FB-018E2AD1FB17}
		{9B2A966F-D55F-450D-8C6E-40A030634046} = {2ED64445-EE46-4C99-83FB-018E2AD1FB17}
		{344BE512-C331-459E-8357-48D417AC5E96} = {9B6D4D4B-A768-4E66-8719-DAA9E2A9223B}
		{B063F2E7-CFFC-4C99-A179-381B37489DE0} = {9B6D4D4B-A768-4E66-8719-DAA9E2A9223B}
		{4F16647F-76AD-46B3-90ED-F04AAA70A271} = {859EA628-CA8D-46A0-B221-7702994C45EA}
		{8AC0D02C-34D4-40B4-BEC1-9E8AD12A8C23} = {5330FADD-D0BF-4817-AEB4-7511E54FFD5B}
		{D07C9FB1-D2EC-4ECE-AB64-60B87DB9A825} = {5330FADD-D0BF-4817-AEB4-7511E54FFD5B}
		{072362F2-3199-46B2-AAC9-1BA30F125BE6} = {5330FADD-D0BF-4817-AEB4-7511E54FFD5B}
		{5CFACD07-A09F-4179-9D38-F2BC4A22D1B7} = {5330FADD-D0BF-4817-AEB4-7511E54FFD5B}
		{C8C7E3F8-44E2-491C-A245-813A1CB1B281} = {9B2A966F-D55F-450D-8C6E-40A030634046}
		{FAFC9CAB-5321-44CE-878D-76D62AEDDF01} = {9B2A966F-D55F-450D-8C6E-40A030634046}
	EndGlobalSection
EndGlobal
